
Microsoft Visual Studio Solution File, Format Version 12.00
# Visual Studio 15
VisualStudioVersion = 15.0.27130.2027
MinimumVisualStudioVersion = 10.0.40219.1
Project("{FAE04EC0-301F-11D3-BF4B-00C04F79EFBC}") = "DictionaryDbBuilder", "DictionaryDbBuilder\DictionaryDbBuilder.csproj", "{E146F656-EE73-4E98-82E6-8C2A2B2191D2}"
EndProject
Project("{2150E333-8FDC-42A3-9474-1A3956D46DE8}") = "Tools", "Tools", "{959E1F50-01E2-4EFF-B5B2-8AD4B06F29DB}"
EndProject
Project("{FAE04EC0-301F-11D3-BF4B-00C04F79EFBC}") = "Common", "Common\Common.csproj", "{72E9E36A-34C0-416E-97D0-D57A31AEE49A}"
EndProject
Global
	GlobalSection(SolutionConfigurationPlatforms) = preSolution
		Debug|Any CPU = Debug|Any CPU
		Debug|ARM = Debug|ARM
		Debug|x64 = Debug|x64
		Debug|x86 = Debug|x86
		Release|Any CPU = Release|Any CPU
		Release|ARM = Release|ARM
		Release|x64 = Release|x64
		Release|x86 = Release|x86
	EndGlobalSection
	GlobalSection(ProjectConfigurationPlatforms) = postSolution
		{E146F656-EE73-4E98-82E6-8C2A2B2191D2}.Debug|Any CPU.ActiveCfg = Debug|Any CPU
		{E146F656-EE73-4E98-82E6-8C2A2B2191D2}.Debug|Any CPU.Build.0 = Debug|Any CPU
		{E146F656-EE73-4E98-82E6-8C2A2B2191D2}.Debug|ARM.ActiveCfg = Debug|Any CPU
		{E146F656-EE73-4E98-82E6-8C2A2B2191D2}.Debug|ARM.Build.0 = Debug|Any CPU
		{E146F656-EE73-4E98-82E6-8C2A2B2191D2}.Debug|x64.ActiveCfg = Debug|Any CPU
		{E146F656-EE73-4E98-82E6-8C2A2B2191D2}.Debug|x64.Build.0 = Debug|Any CPU
		{E146F656-EE73-4E98-82E6-8C2A2B2191D2}.Debug|x86.ActiveCfg = Debug|Any CPU
		{E146F656-EE73-4E98-82E6-8C2A2B2191D2}.Debug|x86.Build.0 = Debug|Any CPU
		{E146F656-EE73-4E98-82E6-8C2A2B2191D2}.Release|Any CPU.ActiveCfg = Release|Any CPU
		{E146F656-EE73-4E98-82E6-8C2A2B2191D2}.Release|Any CPU.Build.0 = Release|Any CPU
		{E146F656-EE73-4E98-82E6-8C2A2B2191D2}.Release|ARM.ActiveCfg = Release|Any CPU
		{E146F656-EE73-4E98-82E6-8C2A2B2191D2}.Release|ARM.Build.0 = Release|Any CPU
		{E146F656-EE73-4E98-82E6-8C2A2B2191D2}.Release|x64.ActiveCfg = Release|Any CPU
		{E146F656-EE73-4E98-82E6-8C2A2B2191D2}.Release|x64.Build.0 = Release|Any CPU
		{E146F656-EE73-4E98-82E6-8C2A2B2191D2}.Release|x86.ActiveCfg = Release|Any CPU
		{E146F656-EE73-4E98-82E6-8C2A2B2191D2}.Release|x86.Build.0 = Release|Any CPU
		{72E9E36A-34C0-416E-97D0-D57A31AEE49A}.Debug|Any CPU.ActiveCfg = Debug|Any CPU
		{72E9E36A-34C0-416E-97D0-D57A31AEE49A}.Debug|Any CPU.Build.0 = Debug|Any CPU
		{72E9E36A-34C0-416E-97D0-D57A31AEE49A}.Debug|ARM.ActiveCfg = Debug|Any CPU
		{72E9E36A-34C0-416E-97D0-D57A31AEE49A}.Debug|ARM.Build.0 = Debug|Any CPU
		{72E9E36A-34C0-416E-97D0-D57A31AEE49A}.Debug|x64.ActiveCfg = Debug|Any CPU
		{72E9E36A-34C0-416E-97D0-D57A31AEE49A}.Debug|x64.Build.0 = Debug|Any CPU
		{72E9E36A-34C0-416E-97D0-D57A31AEE49A}.Debug|x86.ActiveCfg = Debug|Any CPU
		{72E9E36A-34C0-416E-97D0-D57A31AEE49A}.Debug|x86.Build.0 = Debug|Any CPU
		{72E9E36A-34C0-416E-97D0-D57A31AEE49A}.Release|Any CPU.ActiveCfg = Release|Any CPU
		{72E9E36A-34C0-416E-97D0-D57A31AEE49A}.Release|Any CPU.Build.0 = Release|Any CPU
		{72E9E36A-34C0-416E-97D0-D57A31AEE49A}.Release|ARM.ActiveCfg = Release|Any CPU
		{72E9E36A-34C0-416E-97D0-D57A31AEE49A}.Release|ARM.Build.0 = Release|Any CPU
		{72E9E36A-34C0-416E-97D0-D57A31AEE49A}.Release|x64.ActiveCfg = Release|Any CPU
		{72E9E36A-34C0-416E-97D0-D57A31AEE49A}.Release|x64.Build.0 = Release|Any CPU
		{72E9E36A-34C0-416E-97D0-D57A31AEE49A}.Release|x86.ActiveCfg = Release|Any CPU
		{72E9E36A-34C0-416E-97D0-D57A31AEE49A}.Release|x86.Build.0 = Release|Any CPU
	EndGlobalSection
	GlobalSection(SolutionProperties) = preSolution
		HideSolutionNode = FALSE
	EndGlobalSection
	GlobalSection(NestedProjects) = preSolution
		{E146F656-EE73-4E98-82E6-8C2A2B2191D2} = {959E1F50-01E2-4EFF-B5B2-8AD4B06F29DB}
	EndGlobalSection
	GlobalSection(ExtensibilityGlobals) = postSolution
		EnterpriseLibraryConfigurationToolBinariesPathV6 = packages\EnterpriseLibrary.TransientFaultHandling.6.0.1304.0\lib\portable-net45+win+wp8
		SolutionGuid = {173F6D9F-2337-445B-9BD0-915481604926}
	EndGlobalSection
EndGlobal
